
Microsoft Visual Studio Solution File, Format Version 12.00
# Visual Studio Version 16
VisualStudioVersion = 16.0.29324.140
MinimumVisualStudioVersion = 10.0.40219.1
Project("{FAE04EC0-301F-11D3-BF4B-00C04F79EFBC}") = "DC_HW-2", "DC_HW-2.csproj", "{D3093CF9-FB9B-48F8-9694-96C80B2FCC2F}"
EndProject
Global
	GlobalSection(SolutionConfigurationPlatforms) = preSolution
		Debug|Any CPU = Debug|Any CPU
		Release|Any CPU = Release|Any CPU
	EndGlobalSection
	GlobalSection(ProjectConfigurationPlatforms) = postSolution
		{D3093CF9-FB9B-48F8-9694-96C80B2FCC2F}.Debug|Any CPU.ActiveCfg = Debug|Any CPU
		{D3093CF9-FB9B-48F8-9694-96C80B2FCC2F}.Debug|Any CPU.Build.0 = Debug|Any CPU
		{D3093CF9-FB9B-48F8-9694-96C80B2FCC2F}.Release|Any CPU.ActiveCfg = Release|Any CPU
		{D3093CF9-FB9B-48F8-9694-96C80B2FCC2F}.Release|Any CPU.Build.0 = Release|Any CPU
	EndGlobalSection
	GlobalSection(SolutionProperties) = preSolution
		HideSolutionNode = FALSE
	EndGlobalSection
	GlobalSection(ExtensibilityGlobals) = postSolution
		SolutionGuid = {B288648F-2515-4604-868D-3BA5B936023F}
	EndGlobalSection
EndGlobal
